
Microsoft Visual Studio Solution File, Format Version 12.00
# Visual Studio Version 17
VisualStudioVersion = 17.3.32929.385
MinimumVisualStudioVersion = 10.0.40219.1
Project("{FAE04EC0-301F-11D3-BF4B-00C04F79EFBC}") = "Assignment3", "Assignment3.csproj", "{CF75899A-A467-4F8D-9E6E-AB243EED1BDA}"
EndProject
Global
	GlobalSection(SolutionConfigurationPlatforms) = preSolution
		Debug|Any CPU = Debug|Any CPU
		Release|Any CPU = Release|Any CPU
	EndGlobalSection
	GlobalSection(ProjectConfigurationPlatforms) = postSolution
		{CF75899A-A467-4F8D-9E6E-AB243EED1BDA}.Debug|Any CPU.ActiveCfg = Debug|Any CPU
		{CF75899A-A467-4F8D-9E6E-AB243EED1BDA}.Debug|Any CPU.Build.0 = Debug|Any CPU
		{CF75899A-A467-4F8D-9E6E-AB243EED1BDA}.Release|Any CPU.ActiveCfg = Release|Any CPU
		{CF75899A-A467-4F8D-9E6E-AB243EED1BDA}.Release|Any CPU.Build.0 = Release|Any CPU
	EndGlobalSection
	GlobalSection(SolutionProperties) = preSolution
		HideSolutionNode = FALSE
	EndGlobalSection
	GlobalSection(ExtensibilityGlobals) = postSolution
		SolutionGuid = {C6612B73-3BA4-4E2E-821E-7F407DD30BBE}
	EndGlobalSection
EndGlobal
